// !$*UTF8*$!
{
	archiveVersion = 1;
	classes = {
	};
	objectVersion = 46;
	objects = {

/* Begin PBXBuildFile section */
		D61C7EAC1C1B29E000B1B6C6 /* ZDStatusPhotoView.m in Sources */ = {isa = PBXBuildFile; fileRef = D61C7EAB1C1B29E000B1B6C6 /* ZDStatusPhotoView.m */; };
		D62173D01BEDBA0D00EBFC06 /* TabViewUCViewPager.m in Sources */ = {isa = PBXBuildFile; fileRef = D62173CF1BEDBA0D00EBFC06 /* TabViewUCViewPager.m */; };
		D628B9EB1C130ED200EF0BB2 /* DDTabBar.m in Sources */ = {isa = PBXBuildFile; fileRef = D628B9EA1C130ED200EF0BB2 /* DDTabBar.m */; };
		D628B9ED1C131DA600EF0BB2 /* ImagesPicker.xcassets in Resources */ = {isa = PBXBuildFile; fileRef = D628B9EC1C131DA600EF0BB2 /* ImagesPicker.xcassets */; };
		D63279731BFE2315008D8213 /* LoginData.m in Sources */ = {isa = PBXBuildFile; fileRef = D63279721BFE2315008D8213 /* LoginData.m */; };
		D6348E891C15D38B00D8AE18 /* ZDUser.m in Sources */ = {isa = PBXBuildFile; fileRef = D6348E881C15D38B00D8AE18 /* ZDUser.m */; };
		D6348E8C1C15D60E00D8AE18 /* ZDStatusCell.m in Sources */ = {isa = PBXBuildFile; fileRef = D6348E8B1C15D60E00D8AE18 /* ZDStatusCell.m */; };
		D6348E8F1C15DDFD00D8AE18 /* ZDStatus.m in Sources */ = {isa = PBXBuildFile; fileRef = D6348E8E1C15DDFD00D8AE18 /* ZDStatus.m */; };
		D6348E9E1C15E4BF00D8AE18 /* ZDStatusDetailView.m in Sources */ = {isa = PBXBuildFile; fileRef = D6348E9D1C15E4BF00D8AE18 /* ZDStatusDetailView.m */; };
		D63C2F6B1BFCD34400C37E42 /* RootViewController.m in Sources */ = {isa = PBXBuildFile; fileRef = D63C2F6A1BFCD34400C37E42 /* RootViewController.m */; };
		D64777D21C04BCFD007DB382 /* Assets.xcassets in Resources */ = {isa = PBXBuildFile; fileRef = D64777D11C04BCFD007DB382 /* Assets.xcassets */; };
		D648D6021BF4EBC1006A79B2 /* UIColor+Hex.m in Sources */ = {isa = PBXBuildFile; fileRef = D648D6011BF4EBC1006A79B2 /* UIColor+Hex.m */; };
		D687C32F1C1326F400EB82E9 /* UIBarButtonItem+Extension.m in Sources */ = {isa = PBXBuildFile; fileRef = D687C32E1C1326F400EB82E9 /* UIBarButtonItem+Extension.m */; };
		D687C3321C132A3B00EB82E9 /* UIImage+Extension.m in Sources */ = {isa = PBXBuildFile; fileRef = D687C3311C132A3B00EB82E9 /* UIImage+Extension.m */; };
		D687C3351C132EEC00EB82E9 /* NSString+Extension.m in Sources */ = {isa = PBXBuildFile; fileRef = D687C3341C132EEC00EB82E9 /* NSString+Extension.m */; };
		D687C3431C13347400EB82E9 /* UIView+Extension.m in Sources */ = {isa = PBXBuildFile; fileRef = D687C3421C13347400EB82E9 /* UIView+Extension.m */; };
		D687C3481C133E4C00EB82E9 /* ZDTitleButtom.m in Sources */ = {isa = PBXBuildFile; fileRef = D687C3471C133E4C00EB82E9 /* ZDTitleButtom.m */; };
		D69D8B781BF0ECE300E2C865 /* LoginViewController.m in Sources */ = {isa = PBXBuildFile; fileRef = D69D8B771BF0ECE300E2C865 /* LoginViewController.m */; };
		D69D8B801BF0EF4500E2C865 /* logo_name.png in Resources */ = {isa = PBXBuildFile; fileRef = D69D8B7F1BF0EF4500E2C865 /* logo_name.png */; };
		D6BE51131C2EF7D0008045BF /* ZDHttpServer.m in Sources */ = {isa = PBXBuildFile; fileRef = D6BE51121C2EF7D0008045BF /* ZDHttpServer.m */; };
		D6C9CF8D1C020836002FC50A /* LoginInfo.m in Sources */ = {isa = PBXBuildFile; fileRef = D6C9CF8C1C020836002FC50A /* LoginInfo.m */; };
		D6DAC8BB1C19C1CC0080A5E8 /* ZDStatusRetweetedView.m in Sources */ = {isa = PBXBuildFile; fileRef = D6DAC8BA1C19C1CC0080A5E8 /* ZDStatusRetweetedView.m */; };
		D6DAC8BE1C19C2610080A5E8 /* ZDStatusLabel.m in Sources */ = {isa = PBXBuildFile; fileRef = D6DAC8BD1C19C2610080A5E8 /* ZDStatusLabel.m */; };
		D6DAC8C11C19C4F50080A5E8 /* ZDLink.m in Sources */ = {isa = PBXBuildFile; fileRef = D6DAC8C01C19C4F50080A5E8 /* ZDLink.m */; };
		D6DAC8C41C19D40A0080A5E8 /* ZDStatusPhotosView.m in Sources */ = {isa = PBXBuildFile; fileRef = D6DAC8C31C19D40A0080A5E8 /* ZDStatusPhotosView.m */; };
		D6DAC8C71C19D4EF0080A5E8 /* ZDStatusRetweetedFrame.m in Sources */ = {isa = PBXBuildFile; fileRef = D6DAC8C61C19D4EF0080A5E8 /* ZDStatusRetweetedFrame.m */; };
		D6DAC8CE1C19D5400080A5E8 /* ZDStatusDetailFrame.m in Sources */ = {isa = PBXBuildFile; fileRef = D6DAC8C91C19D5400080A5E8 /* ZDStatusDetailFrame.m */; };
		D6DAC8CF1C19D5400080A5E8 /* ZDStatusFrame.m in Sources */ = {isa = PBXBuildFile; fileRef = D6DAC8CB1C19D5400080A5E8 /* ZDStatusFrame.m */; };
		D6DAC8D01C19D5400080A5E8 /* ZDStatusOriginalFrame.m in Sources */ = {isa = PBXBuildFile; fileRef = D6DAC8CD1C19D5400080A5E8 /* ZDStatusOriginalFrame.m */; };
		D6DD4BEA1C21B75100A25201 /* ZDStatusOriginalView.m in Sources */ = {isa = PBXBuildFile; fileRef = D6DD4BE91C21B75100A25201 /* ZDStatusOriginalView.m */; };
		D6DD4BED1C21BA4700A25201 /* ZDStatusUserHeadView.m in Sources */ = {isa = PBXBuildFile; fileRef = D6DD4BEC1C21BA4700A25201 /* ZDStatusUserHeadView.m */; };
		D6E3DC2B1C17355B0090E1F8 /* ZDStatusToolbar.m in Sources */ = {isa = PBXBuildFile; fileRef = D6E3DC2A1C17355B0090E1F8 /* ZDStatusToolbar.m */; };
		D6E3DC2D1C173D810090E1F8 /* Images.xcassets in Resources */ = {isa = PBXBuildFile; fileRef = D6E3DC2C1C173D810090E1F8 /* Images.xcassets */; };
		D6F34BA41C2815DD004A0F60 /* ZDLoadMoreFooter.m in Sources */ = {isa = PBXBuildFile; fileRef = D6F34BA31C2815DD004A0F60 /* ZDLoadMoreFooter.m */; };
		D6F34BA81C28198E004A0F60 /* ZDLoadMoreFooter.xib in Resources */ = {isa = PBXBuildFile; fileRef = D6F34BA71C28198E004A0F60 /* ZDLoadMoreFooter.xib */; };
		D6FDDF0B1C204ED6002CB3A5 /* ZDHomeCellTableViewCell.m in Sources */ = {isa = PBXBuildFile; fileRef = D6FDDF0A1C204ED6002CB3A5 /* ZDHomeCellTableViewCell.m */; };
		F2AAA63F1BC4F3A800825A3F /* UIKit.framework in Frameworks */ = {isa = PBXBuildFile; fileRef = F2AAA63E1BC4F3A800825A3F /* UIKit.framework */; };
		F2AAA6411BC4F3A800825A3F /* Foundation.framework in Frameworks */ = {isa = PBXBuildFile; fileRef = F2AAA6401BC4F3A800825A3F /* Foundation.framework */; };
		F2AAA6431BC4F3A800825A3F /* CoreGraphics.framework in Frameworks */ = {isa = PBXBuildFile; fileRef = F2AAA6421BC4F3A800825A3F /* CoreGraphics.framework */; };
		F2AAA6491BC4F3A800825A3F /* InfoPlist.strings in Resources */ = {isa = PBXBuildFile; fileRef = F2AAA6471BC4F3A800825A3F /* InfoPlist.strings */; };
		F2AAA64B1BC4F3A800825A3F /* main.m in Sources */ = {isa = PBXBuildFile; fileRef = F2AAA64A1BC4F3A800825A3F /* main.m */; };
		F2AAA64F1BC4F3A800825A3F /* AppDelegate.m in Sources */ = {isa = PBXBuildFile; fileRef = F2AAA64E1BC4F3A800825A3F /* AppDelegate.m */; };
		F2AAA6511BC4F3A800825A3F /* Default.png in Resources */ = {isa = PBXBuildFile; fileRef = F2AAA6501BC4F3A800825A3F /* Default.png */; };
		F2AAA6531BC4F3A800825A3F /* Default@2x.png in Resources */ = {isa = PBXBuildFile; fileRef = F2AAA6521BC4F3A800825A3F /* Default@2x.png */; };
		F2AAA6551BC4F3A800825A3F /* Default-568h@2x.png in Resources */ = {isa = PBXBuildFile; fileRef = F2AAA6541BC4F3A800825A3F /* Default-568h@2x.png */; };
		F2AAA6701BC4F84300825A3F /* UIKit.framework in Frameworks */ = {isa = PBXBuildFile; fileRef = F2AAA63E1BC4F3A800825A3F /* UIKit.framework */; };
		F2AAA6711BC4F84300825A3F /* Foundation.framework in Frameworks */ = {isa = PBXBuildFile; fileRef = F2AAA6401BC4F3A800825A3F /* Foundation.framework */; };
		F2AAA6721BC4F84300825A3F /* CoreGraphics.framework in Frameworks */ = {isa = PBXBuildFile; fileRef = F2AAA6421BC4F3A800825A3F /* CoreGraphics.framework */; };
		F2AAA6781BC4F84300825A3F /* InfoPlist.strings in Resources */ = {isa = PBXBuildFile; fileRef = F2AAA6761BC4F84300825A3F /* InfoPlist.strings */; };
		F2AAA67A1BC4F84300825A3F /* main.m in Sources */ = {isa = PBXBuildFile; fileRef = F2AAA6791BC4F84300825A3F /* main.m */; };
		F2AAA6801BC4F84300825A3F /* Default.png in Resources */ = {isa = PBXBuildFile; fileRef = F2AAA67F1BC4F84300825A3F /* Default.png */; };
		F2AAA6821BC4F84300825A3F /* Default@2x.png in Resources */ = {isa = PBXBuildFile; fileRef = F2AAA6811BC4F84300825A3F /* Default@2x.png */; };
		F2AAA6841BC4F84300825A3F /* Default-568h@2x.png in Resources */ = {isa = PBXBuildFile; fileRef = F2AAA6831BC4F84300825A3F /* Default-568h@2x.png */; };
		F2AAA68A1BC4F88D00825A3F /* ChatSessionDalTest.m in Sources */ = {isa = PBXBuildFile; fileRef = F2AAA6891BC4F88D00825A3F /* ChatSessionDalTest.m */; };
		F2AAA68C1BC4F98100825A3F /* libsqlite3.dylib in Frameworks */ = {isa = PBXBuildFile; fileRef = F2AAA68B1BC4F98100825A3F /* libsqlite3.dylib */; };
		F2F568071BDFCA4C00E7B19B /* AddViewController.m in Sources */ = {isa = PBXBuildFile; fileRef = F2F568001BDFCA4C00E7B19B /* AddViewController.m */; };
		F2F568081BDFCA4C00E7B19B /* AddViewController.m in Sources */ = {isa = PBXBuildFile; fileRef = F2F568001BDFCA4C00E7B19B /* AddViewController.m */; };
		F2F568091BDFCA4C00E7B19B /* DiscoverViewController.m in Sources */ = {isa = PBXBuildFile; fileRef = F2F568021BDFCA4C00E7B19B /* DiscoverViewController.m */; };
		F2F5680A1BDFCA4C00E7B19B /* DiscoverViewController.m in Sources */ = {isa = PBXBuildFile; fileRef = F2F568021BDFCA4C00E7B19B /* DiscoverViewController.m */; };
		F2F5680B1BDFCA4C00E7B19B /* MainViewController.m in Sources */ = {isa = PBXBuildFile; fileRef = F2F568041BDFCA4C00E7B19B /* MainViewController.m */; };
		F2F5680C1BDFCA4C00E7B19B /* MainViewController.m in Sources */ = {isa = PBXBuildFile; fileRef = F2F568041BDFCA4C00E7B19B /* MainViewController.m */; };
		F2F5680D1BDFCA4C00E7B19B /* MeViewController.m in Sources */ = {isa = PBXBuildFile; fileRef = F2F568061BDFCA4C00E7B19B /* MeViewController.m */; };
		F2F5680E1BDFCA4C00E7B19B /* MeViewController.m in Sources */ = {isa = PBXBuildFile; fileRef = F2F568061BDFCA4C00E7B19B /* MeViewController.m */; };
		F2F568121BDFCACB00E7B19B /* ChatSessionCell.m in Sources */ = {isa = PBXBuildFile; fileRef = F2F568111BDFCACB00E7B19B /* ChatSessionCell.m */; };
		F2F568131BDFCACB00E7B19B /* ChatSessionCell.m in Sources */ = {isa = PBXBuildFile; fileRef = F2F568111BDFCACB00E7B19B /* ChatSessionCell.m */; };
		F2F568161BDFCB3600E7B19B /* MessageViewController.m in Sources */ = {isa = PBXBuildFile; fileRef = F2F568151BDFCB3600E7B19B /* MessageViewController.m */; };
		F2F568171BDFCB3600E7B19B /* MessageViewController.m in Sources */ = {isa = PBXBuildFile; fileRef = F2F568151BDFCB3600E7B19B /* MessageViewController.m */; };
		F2F5682E1BDFCC0900E7B19B /* iconfont-message.png in Resources */ = {isa = PBXBuildFile; fileRef = F2F5681A1BDFCC0900E7B19B /* iconfont-message.png */; };
		F2F5682F1BDFCC0900E7B19B /* iconfont-message.png in Resources */ = {isa = PBXBuildFile; fileRef = F2F5681A1BDFCC0900E7B19B /* iconfont-message.png */; };
		F2F568301BDFCC0900E7B19B /* iconfont-tianjiayonghu.png in Resources */ = {isa = PBXBuildFile; fileRef = F2F5681B1BDFCC0900E7B19B /* iconfont-tianjiayonghu.png */; };
		F2F568311BDFCC0900E7B19B /* iconfont-tianjiayonghu.png in Resources */ = {isa = PBXBuildFile; fileRef = F2F5681B1BDFCC0900E7B19B /* iconfont-tianjiayonghu.png */; };
		F2F568321BDFCC0900E7B19B /* iconfont-tongxunlu.png in Resources */ = {isa = PBXBuildFile; fileRef = F2F5681C1BDFCC0900E7B19B /* iconfont-tongxunlu.png */; };
		F2F568331BDFCC0900E7B19B /* iconfont-tongxunlu.png in Resources */ = {isa = PBXBuildFile; fileRef = F2F5681C1BDFCC0900E7B19B /* iconfont-tongxunlu.png */; };
		F2F568341BDFCC0900E7B19B /* iconfont-weiyingyong.png in Resources */ = {isa = PBXBuildFile; fileRef = F2F5681D1BDFCC0900E7B19B /* iconfont-weiyingyong.png */; };
		F2F568351BDFCC0900E7B19B /* iconfont-weiyingyong.png in Resources */ = {isa = PBXBuildFile; fileRef = F2F5681D1BDFCC0900E7B19B /* iconfont-weiyingyong.png */; };
		F2F568361BDFCC0900E7B19B /* iconfont-yonghu.png in Resources */ = {isa = PBXBuildFile; fileRef = F2F5681E1BDFCC0900E7B19B /* iconfont-yonghu.png */; };
		F2F568371BDFCC0900E7B19B /* iconfont-yonghu.png in Resources */ = {isa = PBXBuildFile; fileRef = F2F5681E1BDFCC0900E7B19B /* iconfont-yonghu.png */; };
		F2F568381BDFCC0900E7B19B /* weichat1.png in Resources */ = {isa = PBXBuildFile; fileRef = F2F5681F1BDFCC0900E7B19B /* weichat1.png */; };
		F2F568391BDFCC0900E7B19B /* weichat1.png in Resources */ = {isa = PBXBuildFile; fileRef = F2F5681F1BDFCC0900E7B19B /* weichat1.png */; };
		F2F5683A1BDFCC0900E7B19B /* weichat2.png in Resources */ = {isa = PBXBuildFile; fileRef = F2F568201BDFCC0900E7B19B /* weichat2.png */; };
		F2F5683B1BDFCC0900E7B19B /* weichat2.png in Resources */ = {isa = PBXBuildFile; fileRef = F2F568201BDFCC0900E7B19B /* weichat2.png */; };
		F2F5683C1BDFCC0900E7B19B /* weichat3.png in Resources */ = {isa = PBXBuildFile; fileRef = F2F568211BDFCC0900E7B19B /* weichat3.png */; };
		F2F5683D1BDFCC0900E7B19B /* weichat3.png in Resources */ = {isa = PBXBuildFile; fileRef = F2F568211BDFCC0900E7B19B /* weichat3.png */; };
		F2F5683E1BDFCC0900E7B19B /* weichat4.png in Resources */ = {isa = PBXBuildFile; fileRef = F2F568221BDFCC0900E7B19B /* weichat4.png */; };
		F2F5683F1BDFCC0900E7B19B /* weichat4.png in Resources */ = {isa = PBXBuildFile; fileRef = F2F568221BDFCC0900E7B19B /* weichat4.png */; };
		F2F568401BDFCC0900E7B19B /* weichat5.png in Resources */ = {isa = PBXBuildFile; fileRef = F2F568231BDFCC0900E7B19B /* weichat5.png */; };
		F2F568411BDFCC0900E7B19B /* weichat5.png in Resources */ = {isa = PBXBuildFile; fileRef = F2F568231BDFCC0900E7B19B /* weichat5.png */; };
		F2F568421BDFCC0900E7B19B /* weichat6.png in Resources */ = {isa = PBXBuildFile; fileRef = F2F568241BDFCC0900E7B19B /* weichat6.png */; };
		F2F568431BDFCC0900E7B19B /* weichat6.png in Resources */ = {isa = PBXBuildFile; fileRef = F2F568241BDFCC0900E7B19B /* weichat6.png */; };
		F2F568441BDFCC0900E7B19B /* 屏幕快照 2015-09-16 下午10.02.07.png in Resources */ = {isa = PBXBuildFile; fileRef = F2F568251BDFCC0900E7B19B /* 屏幕快照 2015-09-16 下午10.02.07.png */; };
		F2F568451BDFCC0900E7B19B /* 屏幕快照 2015-09-16 下午10.02.07.png in Resources */ = {isa = PBXBuildFile; fileRef = F2F568251BDFCC0900E7B19B /* 屏幕快照 2015-09-16 下午10.02.07.png */; };
		F2F568461BDFCC0900E7B19B /* 屏幕快照 2015-09-16 下午10.02.18.png in Resources */ = {isa = PBXBuildFile; fileRef = F2F568261BDFCC0900E7B19B /* 屏幕快照 2015-09-16 下午10.02.18.png */; };
		F2F568471BDFCC0900E7B19B /* 屏幕快照 2015-09-16 下午10.02.18.png in Resources */ = {isa = PBXBuildFile; fileRef = F2F568261BDFCC0900E7B19B /* 屏幕快照 2015-09-16 下午10.02.18.png */; };
		F2F568481BDFCC0900E7B19B /* 屏幕快照 2015-09-16 下午10.02.27.png in Resources */ = {isa = PBXBuildFile; fileRef = F2F568271BDFCC0900E7B19B /* 屏幕快照 2015-09-16 下午10.02.27.png */; };
		F2F568491BDFCC0900E7B19B /* 屏幕快照 2015-09-16 下午10.02.27.png in Resources */ = {isa = PBXBuildFile; fileRef = F2F568271BDFCC0900E7B19B /* 屏幕快照 2015-09-16 下午10.02.27.png */; };
		F2F5684A1BDFCC0900E7B19B /* 屏幕快照 2015-09-16 下午10.02.35.png in Resources */ = {isa = PBXBuildFile; fileRef = F2F568281BDFCC0900E7B19B /* 屏幕快照 2015-09-16 下午10.02.35.png */; };
		F2F5684B1BDFCC0900E7B19B /* 屏幕快照 2015-09-16 下午10.02.35.png in Resources */ = {isa = PBXBuildFile; fileRef = F2F568281BDFCC0900E7B19B /* 屏幕快照 2015-09-16 下午10.02.35.png */; };
		F2F5684C1BDFCC0900E7B19B /* 屏幕快照 2015-09-16 下午10.02.47.png in Resources */ = {isa = PBXBuildFile; fileRef = F2F568291BDFCC0900E7B19B /* 屏幕快照 2015-09-16 下午10.02.47.png */; };
		F2F5684D1BDFCC0900E7B19B /* 屏幕快照 2015-09-16 下午10.02.47.png in Resources */ = {isa = PBXBuildFile; fileRef = F2F568291BDFCC0900E7B19B /* 屏幕快照 2015-09-16 下午10.02.47.png */; };
		F2F5684E1BDFCC0900E7B19B /* 屏幕快照 2015-09-16 下午10.02.57.png in Resources */ = {isa = PBXBuildFile; fileRef = F2F5682A1BDFCC0900E7B19B /* 屏幕快照 2015-09-16 下午10.02.57.png */; };
		F2F5684F1BDFCC0900E7B19B /* 屏幕快照 2015-09-16 下午10.02.57.png in Resources */ = {isa = PBXBuildFile; fileRef = F2F5682A1BDFCC0900E7B19B /* 屏幕快照 2015-09-16 下午10.02.57.png */; };
		F2F568501BDFCC0900E7B19B /* 屏幕快照 2015-09-16 下午10.03.03.png in Resources */ = {isa = PBXBuildFile; fileRef = F2F5682B1BDFCC0900E7B19B /* 屏幕快照 2015-09-16 下午10.03.03.png */; };
		F2F568511BDFCC0900E7B19B /* 屏幕快照 2015-09-16 下午10.03.03.png in Resources */ = {isa = PBXBuildFile; fileRef = F2F5682B1BDFCC0900E7B19B /* 屏幕快照 2015-09-16 下午10.03.03.png */; };
		F2F568521BDFCC0900E7B19B /* 屏幕快照 2015-09-16 下午10.03.10.png in Resources */ = {isa = PBXBuildFile; fileRef = F2F5682C1BDFCC0900E7B19B /* 屏幕快照 2015-09-16 下午10.03.10.png */; };
		F2F568531BDFCC0900E7B19B /* 屏幕快照 2015-09-16 下午10.03.10.png in Resources */ = {isa = PBXBuildFile; fileRef = F2F5682C1BDFCC0900E7B19B /* 屏幕快照 2015-09-16 下午10.03.10.png */; };
		F2F568541BDFCC0900E7B19B /* 屏幕快照 2015-09-16 下午10.41.04.png in Resources */ = {isa = PBXBuildFile; fileRef = F2F5682D1BDFCC0900E7B19B /* 屏幕快照 2015-09-16 下午10.41.04.png */; };
		F2F568551BDFCC0900E7B19B /* 屏幕快照 2015-09-16 下午10.41.04.png in Resources */ = {isa = PBXBuildFile; fileRef = F2F5682D1BDFCC0900E7B19B /* 屏幕快照 2015-09-16 下午10.41.04.png */; };
		F2F5685F1BDFCC9300E7B19B /* ChatSession.m in Sources */ = {isa = PBXBuildFile; fileRef = F2F568581BDFCC9300E7B19B /* ChatSession.m */; };
		F2F568601BDFCC9300E7B19B /* ChatSession.m in Sources */ = {isa = PBXBuildFile; fileRef = F2F568581BDFCC9300E7B19B /* ChatSession.m */; };
		F2F568611BDFCC9300E7B19B /* MsgHistory.m in Sources */ = {isa = PBXBuildFile; fileRef = F2F5685A1BDFCC9300E7B19B /* MsgHistory.m */; };
		F2F568621BDFCC9300E7B19B /* MsgHistory.m in Sources */ = {isa = PBXBuildFile; fileRef = F2F5685A1BDFCC9300E7B19B /* MsgHistory.m */; };
		F2F568631BDFCC9300E7B19B /* NotifyHistory.m in Sources */ = {isa = PBXBuildFile; fileRef = F2F5685C1BDFCC9300E7B19B /* NotifyHistory.m */; };
		F2F568641BDFCC9300E7B19B /* NotifyHistory.m in Sources */ = {isa = PBXBuildFile; fileRef = F2F5685C1BDFCC9300E7B19B /* NotifyHistory.m */; };
		F2F568651BDFCC9300E7B19B /* UserInfo.m in Sources */ = {isa = PBXBuildFile; fileRef = F2F5685E1BDFCC9300E7B19B /* UserInfo.m */; };
		F2F568661BDFCC9300E7B19B /* UserInfo.m in Sources */ = {isa = PBXBuildFile; fileRef = F2F5685E1BDFCC9300E7B19B /* UserInfo.m */; };
		F2F5686E1BDFCC9E00E7B19B /* BaseDao.m in Sources */ = {isa = PBXBuildFile; fileRef = F2F568691BDFCC9E00E7B19B /* BaseDao.m */; };
		F2F5686F1BDFCC9E00E7B19B /* BaseDao.m in Sources */ = {isa = PBXBuildFile; fileRef = F2F568691BDFCC9E00E7B19B /* BaseDao.m */; };
		F2F568701BDFCC9E00E7B19B /* ChatSessionDao.m in Sources */ = {isa = PBXBuildFile; fileRef = F2F5686B1BDFCC9E00E7B19B /* ChatSessionDao.m */; };
		F2F568711BDFCC9E00E7B19B /* ChatSessionDao.m in Sources */ = {isa = PBXBuildFile; fileRef = F2F5686B1BDFCC9E00E7B19B /* ChatSessionDao.m */; };
		F2F568721BDFCC9E00E7B19B /* DBHelper.m in Sources */ = {isa = PBXBuildFile; fileRef = F2F5686D1BDFCC9E00E7B19B /* DBHelper.m */; };
		F2F568731BDFCC9E00E7B19B /* DBHelper.m in Sources */ = {isa = PBXBuildFile; fileRef = F2F5686D1BDFCC9E00E7B19B /* DBHelper.m */; };
/* End PBXBuildFile section */

/* Begin PBXFileReference section */
		D61C7EAA1C1B29E000B1B6C6 /* ZDStatusPhotoView.h */ = {isa = PBXFileReference; fileEncoding = 4; lastKnownFileType = sourcecode.c.h; path = ZDStatusPhotoView.h; sourceTree = "<group>"; };
		D61C7EAB1C1B29E000B1B6C6 /* ZDStatusPhotoView.m */ = {isa = PBXFileReference; fileEncoding = 4; lastKnownFileType = sourcecode.c.objc; path = ZDStatusPhotoView.m; sourceTree = "<group>"; };
		D62173CE1BEDBA0D00EBFC06 /* TabViewUCViewPager.h */ = {isa = PBXFileReference; fileEncoding = 4; lastKnownFileType = sourcecode.c.h; path = TabViewUCViewPager.h; sourceTree = "<group>"; };
		D62173CF1BEDBA0D00EBFC06 /* TabViewUCViewPager.m */ = {isa = PBXFileReference; fileEncoding = 4; lastKnownFileType = sourcecode.c.objc; path = TabViewUCViewPager.m; sourceTree = "<group>"; };
		D628B9E91C130ED200EF0BB2 /* DDTabBar.h */ = {isa = PBXFileReference; fileEncoding = 4; lastKnownFileType = sourcecode.c.h; path = DDTabBar.h; sourceTree = "<group>"; };
		D628B9EA1C130ED200EF0BB2 /* DDTabBar.m */ = {isa = PBXFileReference; fileEncoding = 4; lastKnownFileType = sourcecode.c.objc; path = DDTabBar.m; sourceTree = "<group>"; };
		D628B9EC1C131DA600EF0BB2 /* ImagesPicker.xcassets */ = {isa = PBXFileReference; lastKnownFileType = folder.assetcatalog; path = ImagesPicker.xcassets; sourceTree = "<group>"; };
		D63279711BFE2315008D8213 /* LoginData.h */ = {isa = PBXFileReference; fileEncoding = 4; lastKnownFileType = sourcecode.c.h; path = LoginData.h; sourceTree = "<group>"; };
		D63279721BFE2315008D8213 /* LoginData.m */ = {isa = PBXFileReference; fileEncoding = 4; lastKnownFileType = sourcecode.c.objc; path = LoginData.m; sourceTree = "<group>"; };
		D6348E871C15D38B00D8AE18 /* ZDUser.h */ = {isa = PBXFileReference; fileEncoding = 4; lastKnownFileType = sourcecode.c.h; path = ZDUser.h; sourceTree = "<group>"; };
		D6348E881C15D38B00D8AE18 /* ZDUser.m */ = {isa = PBXFileReference; fileEncoding = 4; lastKnownFileType = sourcecode.c.objc; path = ZDUser.m; sourceTree = "<group>"; };
		D6348E8A1C15D60E00D8AE18 /* ZDStatusCell.h */ = {isa = PBXFileReference; fileEncoding = 4; lastKnownFileType = sourcecode.c.h; path = ZDStatusCell.h; sourceTree = "<group>"; };
		D6348E8B1C15D60E00D8AE18 /* ZDStatusCell.m */ = {isa = PBXFileReference; fileEncoding = 4; lastKnownFileType = sourcecode.c.objc; path = ZDStatusCell.m; sourceTree = "<group>"; };
		D6348E8D1C15DDFD00D8AE18 /* ZDStatus.h */ = {isa = PBXFileReference; fileEncoding = 4; lastKnownFileType = sourcecode.c.h; path = ZDStatus.h; sourceTree = "<group>"; };
		D6348E8E1C15DDFD00D8AE18 /* ZDStatus.m */ = {isa = PBXFileReference; fileEncoding = 4; lastKnownFileType = sourcecode.c.objc; path = ZDStatus.m; sourceTree = "<group>"; };
		D6348E9C1C15E4BF00D8AE18 /* ZDStatusDetailView.h */ = {isa = PBXFileReference; fileEncoding = 4; lastKnownFileType = sourcecode.c.h; path = ZDStatusDetailView.h; sourceTree = "<group>"; };
		D6348E9D1C15E4BF00D8AE18 /* ZDStatusDetailView.m */ = {isa = PBXFileReference; fileEncoding = 4; lastKnownFileType = sourcecode.c.objc; path = ZDStatusDetailView.m; sourceTree = "<group>"; };
		D63C2F691BFCD34400C37E42 /* RootViewController.h */ = {isa = PBXFileReference; fileEncoding = 4; lastKnownFileType = sourcecode.c.h; path = RootViewController.h; sourceTree = "<group>"; };
		D63C2F6A1BFCD34400C37E42 /* RootViewController.m */ = {isa = PBXFileReference; fileEncoding = 4; lastKnownFileType = sourcecode.c.objc; path = RootViewController.m; sourceTree = "<group>"; };
		D64777D11C04BCFD007DB382 /* Assets.xcassets */ = {isa = PBXFileReference; lastKnownFileType = folder.assetcatalog; path = Assets.xcassets; sourceTree = "<group>"; };
		D648D6001BF4EBC1006A79B2 /* UIColor+Hex.h */ = {isa = PBXFileReference; fileEncoding = 4; lastKnownFileType = sourcecode.c.h; path = "UIColor+Hex.h"; sourceTree = "<group>"; };
		D648D6011BF4EBC1006A79B2 /* UIColor+Hex.m */ = {isa = PBXFileReference; fileEncoding = 4; lastKnownFileType = sourcecode.c.objc; path = "UIColor+Hex.m"; sourceTree = "<group>"; };
		D687C32D1C1326F400EB82E9 /* UIBarButtonItem+Extension.h */ = {isa = PBXFileReference; fileEncoding = 4; lastKnownFileType = sourcecode.c.h; path = "UIBarButtonItem+Extension.h"; sourceTree = "<group>"; };
		D687C32E1C1326F400EB82E9 /* UIBarButtonItem+Extension.m */ = {isa = PBXFileReference; fileEncoding = 4; lastKnownFileType = sourcecode.c.objc; path = "UIBarButtonItem+Extension.m"; sourceTree = "<group>"; };
		D687C3301C132A3B00EB82E9 /* UIImage+Extension.h */ = {isa = PBXFileReference; fileEncoding = 4; lastKnownFileType = sourcecode.c.h; path = "UIImage+Extension.h"; sourceTree = "<group>"; };
		D687C3311C132A3B00EB82E9 /* UIImage+Extension.m */ = {isa = PBXFileReference; fileEncoding = 4; lastKnownFileType = sourcecode.c.objc; path = "UIImage+Extension.m"; sourceTree = "<group>"; };
		D687C3331C132EEC00EB82E9 /* NSString+Extension.h */ = {isa = PBXFileReference; fileEncoding = 4; lastKnownFileType = sourcecode.c.h; path = "NSString+Extension.h"; sourceTree = "<group>"; };
		D687C3341C132EEC00EB82E9 /* NSString+Extension.m */ = {isa = PBXFileReference; fileEncoding = 4; lastKnownFileType = sourcecode.c.objc; path = "NSString+Extension.m"; sourceTree = "<group>"; };
		D687C3411C13347400EB82E9 /* UIView+Extension.h */ = {isa = PBXFileReference; fileEncoding = 4; lastKnownFileType = sourcecode.c.h; path = "UIView+Extension.h"; sourceTree = "<group>"; };
		D687C3421C13347400EB82E9 /* UIView+Extension.m */ = {isa = PBXFileReference; fileEncoding = 4; lastKnownFileType = sourcecode.c.objc; path = "UIView+Extension.m"; sourceTree = "<group>"; };
		D687C3461C133E4C00EB82E9 /* ZDTitleButtom.h */ = {isa = PBXFileReference; fileEncoding = 4; lastKnownFileType = sourcecode.c.h; path = ZDTitleButtom.h; sourceTree = "<group>"; };
		D687C3471C133E4C00EB82E9 /* ZDTitleButtom.m */ = {isa = PBXFileReference; fileEncoding = 4; lastKnownFileType = sourcecode.c.objc; path = ZDTitleButtom.m; sourceTree = "<group>"; };
		D69D8B761BF0ECE300E2C865 /* LoginViewController.h */ = {isa = PBXFileReference; fileEncoding = 4; lastKnownFileType = sourcecode.c.h; path = LoginViewController.h; sourceTree = "<group>"; };
		D69D8B771BF0ECE300E2C865 /* LoginViewController.m */ = {isa = PBXFileReference; fileEncoding = 4; lastKnownFileType = sourcecode.c.objc; path = LoginViewController.m; sourceTree = "<group>"; };
		D69D8B7F1BF0EF4500E2C865 /* logo_name.png */ = {isa = PBXFileReference; lastKnownFileType = image.png; path = logo_name.png; sourceTree = "<group>"; };
		D6BE51111C2EF7D0008045BF /* ZDHttpServer.h */ = {isa = PBXFileReference; fileEncoding = 4; lastKnownFileType = sourcecode.c.h; path = ZDHttpServer.h; sourceTree = "<group>"; };
		D6BE51121C2EF7D0008045BF /* ZDHttpServer.m */ = {isa = PBXFileReference; fileEncoding = 4; lastKnownFileType = sourcecode.c.objc; path = ZDHttpServer.m; sourceTree = "<group>"; };
		D6C9CF8B1C020836002FC50A /* LoginInfo.h */ = {isa = PBXFileReference; fileEncoding = 4; lastKnownFileType = sourcecode.c.h; path = LoginInfo.h; sourceTree = "<group>"; };
		D6C9CF8C1C020836002FC50A /* LoginInfo.m */ = {isa = PBXFileReference; fileEncoding = 4; lastKnownFileType = sourcecode.c.objc; path = LoginInfo.m; sourceTree = "<group>"; };
		D6DAC8B91C19C1CC0080A5E8 /* ZDStatusRetweetedView.h */ = {isa = PBXFileReference; fileEncoding = 4; lastKnownFileType = sourcecode.c.h; path = ZDStatusRetweetedView.h; sourceTree = "<group>"; };
		D6DAC8BA1C19C1CC0080A5E8 /* ZDStatusRetweetedView.m */ = {isa = PBXFileReference; fileEncoding = 4; lastKnownFileType = sourcecode.c.objc; path = ZDStatusRetweetedView.m; sourceTree = "<group>"; };
		D6DAC8BC1C19C2610080A5E8 /* ZDStatusLabel.h */ = {isa = PBXFileReference; fileEncoding = 4; lastKnownFileType = sourcecode.c.h; path = ZDStatusLabel.h; sourceTree = "<group>"; };
		D6DAC8BD1C19C2610080A5E8 /* ZDStatusLabel.m */ = {isa = PBXFileReference; fileEncoding = 4; lastKnownFileType = sourcecode.c.objc; path = ZDStatusLabel.m; sourceTree = "<group>"; };
		D6DAC8BF1C19C4F50080A5E8 /* ZDLink.h */ = {isa = PBXFileReference; fileEncoding = 4; lastKnownFileType = sourcecode.c.h; path = ZDLink.h; sourceTree = "<group>"; };
		D6DAC8C01C19C4F50080A5E8 /* ZDLink.m */ = {isa = PBXFileReference; fileEncoding = 4; lastKnownFileType = sourcecode.c.objc; path = ZDLink.m; sourceTree = "<group>"; };
		D6DAC8C21C19D40A0080A5E8 /* ZDStatusPhotosView.h */ = {isa = PBXFileReference; fileEncoding = 4; lastKnownFileType = sourcecode.c.h; path = ZDStatusPhotosView.h; sourceTree = "<group>"; };
		D6DAC8C31C19D40A0080A5E8 /* ZDStatusPhotosView.m */ = {isa = PBXFileReference; fileEncoding = 4; lastKnownFileType = sourcecode.c.objc; path = ZDStatusPhotosView.m; sourceTree = "<group>"; };
		D6DAC8C51C19D4EF0080A5E8 /* ZDStatusRetweetedFrame.h */ = {isa = PBXFileReference; fileEncoding = 4; lastKnownFileType = sourcecode.c.h; path = ZDStatusRetweetedFrame.h; sourceTree = "<group>"; };
		D6DAC8C61C19D4EF0080A5E8 /* ZDStatusRetweetedFrame.m */ = {isa = PBXFileReference; fileEncoding = 4; lastKnownFileType = sourcecode.c.objc; path = ZDStatusRetweetedFrame.m; sourceTree = "<group>"; };
		D6DAC8C81C19D5400080A5E8 /* ZDStatusDetailFrame.h */ = {isa = PBXFileReference; fileEncoding = 4; lastKnownFileType = sourcecode.c.h; path = ZDStatusDetailFrame.h; sourceTree = "<group>"; };
		D6DAC8C91C19D5400080A5E8 /* ZDStatusDetailFrame.m */ = {isa = PBXFileReference; fileEncoding = 4; lastKnownFileType = sourcecode.c.objc; path = ZDStatusDetailFrame.m; sourceTree = "<group>"; };
		D6DAC8CA1C19D5400080A5E8 /* ZDStatusFrame.h */ = {isa = PBXFileReference; fileEncoding = 4; lastKnownFileType = sourcecode.c.h; path = ZDStatusFrame.h; sourceTree = "<group>"; };
		D6DAC8CB1C19D5400080A5E8 /* ZDStatusFrame.m */ = {isa = PBXFileReference; fileEncoding = 4; lastKnownFileType = sourcecode.c.objc; path = ZDStatusFrame.m; sourceTree = "<group>"; };
		D6DAC8CC1C19D5400080A5E8 /* ZDStatusOriginalFrame.h */ = {isa = PBXFileReference; fileEncoding = 4; lastKnownFileType = sourcecode.c.h; path = ZDStatusOriginalFrame.h; sourceTree = "<group>"; };
		D6DAC8CD1C19D5400080A5E8 /* ZDStatusOriginalFrame.m */ = {isa = PBXFileReference; fileEncoding = 4; lastKnownFileType = sourcecode.c.objc; path = ZDStatusOriginalFrame.m; sourceTree = "<group>"; };
		D6DD4BE81C21B75100A25201 /* ZDStatusOriginalView.h */ = {isa = PBXFileReference; fileEncoding = 4; lastKnownFileType = sourcecode.c.h; path = ZDStatusOriginalView.h; sourceTree = "<group>"; };
		D6DD4BE91C21B75100A25201 /* ZDStatusOriginalView.m */ = {isa = PBXFileReference; fileEncoding = 4; lastKnownFileType = sourcecode.c.objc; path = ZDStatusOriginalView.m; sourceTree = "<group>"; };
		D6DD4BEB1C21BA4700A25201 /* ZDStatusUserHeadView.h */ = {isa = PBXFileReference; fileEncoding = 4; lastKnownFileType = sourcecode.c.h; path = ZDStatusUserHeadView.h; sourceTree = "<group>"; };
		D6DD4BEC1C21BA4700A25201 /* ZDStatusUserHeadView.m */ = {isa = PBXFileReference; fileEncoding = 4; lastKnownFileType = sourcecode.c.objc; path = ZDStatusUserHeadView.m; sourceTree = "<group>"; };
		D6E3DC291C17355B0090E1F8 /* ZDStatusToolbar.h */ = {isa = PBXFileReference; fileEncoding = 4; lastKnownFileType = sourcecode.c.h; path = ZDStatusToolbar.h; sourceTree = "<group>"; };
		D6E3DC2A1C17355B0090E1F8 /* ZDStatusToolbar.m */ = {isa = PBXFileReference; fileEncoding = 4; lastKnownFileType = sourcecode.c.objc; path = ZDStatusToolbar.m; sourceTree = "<group>"; };
		D6E3DC2C1C173D810090E1F8 /* Images.xcassets */ = {isa = PBXFileReference; lastKnownFileType = folder.assetcatalog; path = Images.xcassets; sourceTree = "<group>"; };
		D6F34BA21C2815DD004A0F60 /* ZDLoadMoreFooter.h */ = {isa = PBXFileReference; fileEncoding = 4; lastKnownFileType = sourcecode.c.h; path = ZDLoadMoreFooter.h; sourceTree = "<group>"; };
		D6F34BA31C2815DD004A0F60 /* ZDLoadMoreFooter.m */ = {isa = PBXFileReference; fileEncoding = 4; lastKnownFileType = sourcecode.c.objc; path = ZDLoadMoreFooter.m; sourceTree = "<group>"; };
		D6F34BA71C28198E004A0F60 /* ZDLoadMoreFooter.xib */ = {isa = PBXFileReference; fileEncoding = 4; lastKnownFileType = file.xib; path = ZDLoadMoreFooter.xib; sourceTree = "<group>"; };
		D6FDDF091C204ED6002CB3A5 /* ZDHomeCellTableViewCell.h */ = {isa = PBXFileReference; fileEncoding = 4; lastKnownFileType = sourcecode.c.h; path = ZDHomeCellTableViewCell.h; sourceTree = "<group>"; };
		D6FDDF0A1C204ED6002CB3A5 /* ZDHomeCellTableViewCell.m */ = {isa = PBXFileReference; fileEncoding = 4; lastKnownFileType = sourcecode.c.objc; path = ZDHomeCellTableViewCell.m; sourceTree = "<group>"; };
		F2AAA63B1BC4F3A800825A3F /* zhd.app */ = {isa = PBXFileReference; explicitFileType = wrapper.application; includeInIndex = 0; path = zhd.app; sourceTree = BUILT_PRODUCTS_DIR; };
		F2AAA63E1BC4F3A800825A3F /* UIKit.framework */ = {isa = PBXFileReference; lastKnownFileType = wrapper.framework; name = UIKit.framework; path = System/Library/Frameworks/UIKit.framework; sourceTree = SDKROOT; };
		F2AAA6401BC4F3A800825A3F /* Foundation.framework */ = {isa = PBXFileReference; lastKnownFileType = wrapper.framework; name = Foundation.framework; path = System/Library/Frameworks/Foundation.framework; sourceTree = SDKROOT; };
		F2AAA6421BC4F3A800825A3F /* CoreGraphics.framework */ = {isa = PBXFileReference; lastKnownFileType = wrapper.framework; name = CoreGraphics.framework; path = System/Library/Frameworks/CoreGraphics.framework; sourceTree = SDKROOT; };
		F2AAA6461BC4F3A800825A3F /* zhd-Info.plist */ = {isa = PBXFileReference; lastKnownFileType = text.plist.xml; path = "zhd-Info.plist"; sourceTree = "<group>"; };
		F2AAA6481BC4F3A800825A3F /* en */ = {isa = PBXFileReference; lastKnownFileType = text.plist.strings; name = en; path = en.lproj/InfoPlist.strings; sourceTree = "<group>"; };
		F2AAA64A1BC4F3A800825A3F /* main.m */ = {isa = PBXFileReference; lastKnownFileType = sourcecode.c.objc; path = main.m; sourceTree = "<group>"; };
		F2AAA64C1BC4F3A800825A3F /* zhd-Prefix.pch */ = {isa = PBXFileReference; lastKnownFileType = sourcecode.c.h; path = "zhd-Prefix.pch"; sourceTree = "<group>"; };
		F2AAA64D1BC4F3A800825A3F /* AppDelegate.h */ = {isa = PBXFileReference; lastKnownFileType = sourcecode.c.h; path = AppDelegate.h; sourceTree = "<group>"; };
		F2AAA64E1BC4F3A800825A3F /* AppDelegate.m */ = {isa = PBXFileReference; lastKnownFileType = sourcecode.c.objc; path = AppDelegate.m; sourceTree = "<group>"; };
		F2AAA6501BC4F3A800825A3F /* Default.png */ = {isa = PBXFileReference; lastKnownFileType = image.png; path = Default.png; sourceTree = "<group>"; };
		F2AAA6521BC4F3A800825A3F /* Default@2x.png */ = {isa = PBXFileReference; lastKnownFileType = image.png; path = "Default@2x.png"; sourceTree = "<group>"; };
		F2AAA6541BC4F3A800825A3F /* Default-568h@2x.png */ = {isa = PBXFileReference; lastKnownFileType = image.png; path = "Default-568h@2x.png"; sourceTree = "<group>"; };
		F2AAA66F1BC4F84300825A3F /* zhdTest.app */ = {isa = PBXFileReference; explicitFileType = wrapper.application; includeInIndex = 0; path = zhdTest.app; sourceTree = BUILT_PRODUCTS_DIR; };
		F2AAA6751BC4F84300825A3F /* zhdTest-Info.plist */ = {isa = PBXFileReference; lastKnownFileType = text.plist.xml; path = "zhdTest-Info.plist"; sourceTree = "<group>"; };
		F2AAA6771BC4F84300825A3F /* en */ = {isa = PBXFileReference; lastKnownFileType = text.plist.strings; name = en; path = en.lproj/InfoPlist.strings; sourceTree = "<group>"; };
		F2AAA6791BC4F84300825A3F /* main.m */ = {isa = PBXFileReference; lastKnownFileType = sourcecode.c.objc; path = main.m; sourceTree = "<group>"; };
		F2AAA67B1BC4F84300825A3F /* zhdTest-Prefix.pch */ = {isa = PBXFileReference; lastKnownFileType = sourcecode.c.h; path = "zhdTest-Prefix.pch"; sourceTree = "<group>"; };
		F2AAA67F1BC4F84300825A3F /* Default.png */ = {isa = PBXFileReference; lastKnownFileType = image.png; path = Default.png; sourceTree = "<group>"; };
		F2AAA6811BC4F84300825A3F /* Default@2x.png */ = {isa = PBXFileReference; lastKnownFileType = image.png; path = "Default@2x.png"; sourceTree = "<group>"; };
		F2AAA6831BC4F84300825A3F /* Default-568h@2x.png */ = {isa = PBXFileReference; lastKnownFileType = image.png; path = "Default-568h@2x.png"; sourceTree = "<group>"; };
		F2AAA6881BC4F88D00825A3F /* ChatSessionDalTest.h */ = {isa = PBXFileReference; fileEncoding = 4; lastKnownFileType = sourcecode.c.h; path = ChatSessionDalTest.h; sourceTree = "<group>"; };
		F2AAA6891BC4F88D00825A3F /* ChatSessionDalTest.m */ = {isa = PBXFileReference; fileEncoding = 4; lastKnownFileType = sourcecode.c.objc; path = ChatSessionDalTest.m; sourceTree = "<group>"; };
		F2AAA68B1BC4F98100825A3F /* libsqlite3.dylib */ = {isa = PBXFileReference; lastKnownFileType = "compiled.mach-o.dylib"; name = libsqlite3.dylib; path = usr/lib/libsqlite3.dylib; sourceTree = SDKROOT; };
		F2F567FF1BDFCA4C00E7B19B /* AddViewController.h */ = {isa = PBXFileReference; fileEncoding = 4; lastKnownFileType = sourcecode.c.h; path = AddViewController.h; sourceTree = "<group>"; };
		F2F568001BDFCA4C00E7B19B /* AddViewController.m */ = {isa = PBXFileReference; fileEncoding = 4; lastKnownFileType = sourcecode.c.objc; path = AddViewController.m; sourceTree = "<group>"; };
		F2F568011BDFCA4C00E7B19B /* DiscoverViewController.h */ = {isa = PBXFileReference; fileEncoding = 4; lastKnownFileType = sourcecode.c.h; path = DiscoverViewController.h; sourceTree = "<group>"; };
		F2F568021BDFCA4C00E7B19B /* DiscoverViewController.m */ = {isa = PBXFileReference; fileEncoding = 4; lastKnownFileType = sourcecode.c.objc; path = DiscoverViewController.m; sourceTree = "<group>"; };
		F2F568031BDFCA4C00E7B19B /* MainViewController.h */ = {isa = PBXFileReference; fileEncoding = 4; lastKnownFileType = sourcecode.c.h; path = MainViewController.h; sourceTree = "<group>"; };
		F2F568041BDFCA4C00E7B19B /* MainViewController.m */ = {isa = PBXFileReference; fileEncoding = 4; lastKnownFileType = sourcecode.c.objc; path = MainViewController.m; sourceTree = "<group>"; };
		F2F568051BDFCA4C00E7B19B /* MeViewController.h */ = {isa = PBXFileReference; fileEncoding = 4; lastKnownFileType = sourcecode.c.h; path = MeViewController.h; sourceTree = "<group>"; };
		F2F568061BDFCA4C00E7B19B /* MeViewController.m */ = {isa = PBXFileReference; fileEncoding = 4; lastKnownFileType = sourcecode.c.objc; path = MeViewController.m; sourceTree = "<group>"; };
		F2F568101BDFCACB00E7B19B /* ChatSessionCell.h */ = {isa = PBXFileReference; fileEncoding = 4; lastKnownFileType = sourcecode.c.h; path = ChatSessionCell.h; sourceTree = "<group>"; };
		F2F568111BDFCACB00E7B19B /* ChatSessionCell.m */ = {isa = PBXFileReference; fileEncoding = 4; lastKnownFileType = sourcecode.c.objc; path = ChatSessionCell.m; sourceTree = "<group>"; };
		F2F568141BDFCB3600E7B19B /* MessageViewController.h */ = {isa = PBXFileReference; fileEncoding = 4; lastKnownFileType = sourcecode.c.h; path = MessageViewController.h; sourceTree = "<group>"; };
		F2F568151BDFCB3600E7B19B /* MessageViewController.m */ = {isa = PBXFileReference; fileEncoding = 4; lastKnownFileType = sourcecode.c.objc; path = MessageViewController.m; sourceTree = "<group>"; };
		F2F5681A1BDFCC0900E7B19B /* iconfont-message.png */ = {isa = PBXFileReference; lastKnownFileType = image.png; path = "iconfont-message.png"; sourceTree = "<group>"; };
		F2F5681B1BDFCC0900E7B19B /* iconfont-tianjiayonghu.png */ = {isa = PBXFileReference; lastKnownFileType = image.png; path = "iconfont-tianjiayonghu.png"; sourceTree = "<group>"; };
		F2F5681C1BDFCC0900E7B19B /* iconfont-tongxunlu.png */ = {isa = PBXFileReference; lastKnownFileType = image.png; path = "iconfont-tongxunlu.png"; sourceTree = "<group>"; };
		F2F5681D1BDFCC0900E7B19B /* iconfont-weiyingyong.png */ = {isa = PBXFileReference; lastKnownFileType = image.png; path = "iconfont-weiyingyong.png"; sourceTree = "<group>"; };
		F2F5681E1BDFCC0900E7B19B /* iconfont-yonghu.png */ = {isa = PBXFileReference; lastKnownFileType = image.png; path = "iconfont-yonghu.png"; sourceTree = "<group>"; };
		F2F5681F1BDFCC0900E7B19B /* weichat1.png */ = {isa = PBXFileReference; lastKnownFileType = image.png; path = weichat1.png; sourceTree = "<group>"; };
		F2F568201BDFCC0900E7B19B /* weichat2.png */ = {isa = PBXFileReference; lastKnownFileType = image.png; path = weichat2.png; sourceTree = "<group>"; };
		F2F568211BDFCC0900E7B19B /* weichat3.png */ = {isa = PBXFileReference; lastKnownFileType = image.png; path = weichat3.png; sourceTree = "<group>"; };
		F2F568221BDFCC0900E7B19B /* weichat4.png */ = {isa = PBXFileReference; lastKnownFileType = image.png; path = weichat4.png; sourceTree = "<group>"; };
		F2F568231BDFCC0900E7B19B /* weichat5.png */ = {isa = PBXFileReference; lastKnownFileType = image.png; path = weichat5.png; sourceTree = "<group>"; };
		F2F568241BDFCC0900E7B19B /* weichat6.png */ = {isa = PBXFileReference; lastKnownFileType = image.png; path = weichat6.png; sourceTree = "<group>"; };
		F2F568251BDFCC0900E7B19B /* 屏幕快照 2015-09-16 下午10.02.07.png */ = {isa = PBXFileReference; lastKnownFileType = image.png; path = "屏幕快照 2015-09-16 下午10.02.07.png"; sourceTree = "<group>"; };
		F2F568261BDFCC0900E7B19B /* 屏幕快照 2015-09-16 下午10.02.18.png */ = {isa = PBXFileReference; lastKnownFileType = image.png; path = "屏幕快照 2015-09-16 下午10.02.18.png"; sourceTree = "<group>"; };
		F2F568271BDFCC0900E7B19B /* 屏幕快照 2015-09-16 下午10.02.27.png */ = {isa = PBXFileReference; lastKnownFileType = image.png; path = "屏幕快照 2015-09-16 下午10.02.27.png"; sourceTree = "<group>"; };
		F2F568281BDFCC0900E7B19B /* 屏幕快照 2015-09-16 下午10.02.35.png */ = {isa = PBXFileReference; lastKnownFileType = image.png; path = "屏幕快照 2015-09-16 下午10.02.35.png"; sourceTree = "<group>"; };
		F2F568291BDFCC0900E7B19B /* 屏幕快照 2015-09-16 下午10.02.47.png */ = {isa = PBXFileReference; lastKnownFileType = image.png; path = "屏幕快照 2015-09-16 下午10.02.47.png"; sourceTree = "<group>"; };
		F2F5682A1BDFCC0900E7B19B /* 屏幕快照 2015-09-16 下午10.02.57.png */ = {isa = PBXFileReference; lastKnownFileType = image.png; path = "屏幕快照 2015-09-16 下午10.02.57.png"; sourceTree = "<group>"; };
		F2F5682B1BDFCC0900E7B19B /* 屏幕快照 2015-09-16 下午10.03.03.png */ = {isa = PBXFileReference; lastKnownFileType = image.png; path = "屏幕快照 2015-09-16 下午10.03.03.png"; sourceTree = "<group>"; };
		F2F5682C1BDFCC0900E7B19B /* 屏幕快照 2015-09-16 下午10.03.10.png */ = {isa = PBXFileReference; lastKnownFileType = image.png; path = "屏幕快照 2015-09-16 下午10.03.10.png"; sourceTree = "<group>"; };
		F2F5682D1BDFCC0900E7B19B /* 屏幕快照 2015-09-16 下午10.41.04.png */ = {isa = PBXFileReference; lastKnownFileType = image.png; path = "屏幕快照 2015-09-16 下午10.41.04.png"; sourceTree = "<group>"; };
		F2F568571BDFCC9300E7B19B /* ChatSession.h */ = {isa = PBXFileReference; fileEncoding = 4; lastKnownFileType = sourcecode.c.h; path = ChatSession.h; sourceTree = "<group>"; };
		F2F568581BDFCC9300E7B19B /* ChatSession.m */ = {isa = PBXFileReference; fileEncoding = 4; lastKnownFileType = sourcecode.c.objc; path = ChatSession.m; sourceTree = "<group>"; };
		F2F568591BDFCC9300E7B19B /* MsgHistory.h */ = {isa = PBXFileReference; fileEncoding = 4; lastKnownFileType = sourcecode.c.h; path = MsgHistory.h; sourceTree = "<group>"; };
		F2F5685A1BDFCC9300E7B19B /* MsgHistory.m */ = {isa = PBXFileReference; fileEncoding = 4; lastKnownFileType = sourcecode.c.objc; path = MsgHistory.m; sourceTree = "<group>"; };
		F2F5685B1BDFCC9300E7B19B /* NotifyHistory.h */ = {isa = PBXFileReference; fileEncoding = 4; lastKnownFileType = sourcecode.c.h; path = NotifyHistory.h; sourceTree = "<group>"; };
		F2F5685C1BDFCC9300E7B19B /* NotifyHistory.m */ = {isa = PBXFileReference; fileEncoding = 4; lastKnownFileType = sourcecode.c.objc; path = NotifyHistory.m; sourceTree = "<group>"; };
		F2F5685D1BDFCC9300E7B19B /* UserInfo.h */ = {isa = PBXFileReference; fileEncoding = 4; lastKnownFileType = sourcecode.c.h; path = UserInfo.h; sourceTree = "<group>"; };
		F2F5685E1BDFCC9300E7B19B /* UserInfo.m */ = {isa = PBXFileReference; fileEncoding = 4; lastKnownFileType = sourcecode.c.objc; path = UserInfo.m; sourceTree = "<group>"; };
		F2F568681BDFCC9E00E7B19B /* BaseDao.h */ = {isa = PBXFileReference; fileEncoding = 4; lastKnownFileType = sourcecode.c.h; path = BaseDao.h; sourceTree = "<group>"; };
		F2F568691BDFCC9E00E7B19B /* BaseDao.m */ = {isa = PBXFileReference; fileEncoding = 4; lastKnownFileType = sourcecode.c.objc; path = BaseDao.m; sourceTree = "<group>"; };
		F2F5686A1BDFCC9E00E7B19B /* ChatSessionDao.h */ = {isa = PBXFileReference; fileEncoding = 4; lastKnownFileType = sourcecode.c.h; path = ChatSessionDao.h; sourceTree = "<group>"; };
		F2F5686B1BDFCC9E00E7B19B /* ChatSessionDao.m */ = {isa = PBXFileReference; fileEncoding = 4; lastKnownFileType = sourcecode.c.objc; path = ChatSessionDao.m; sourceTree = "<group>"; };
		F2F5686C1BDFCC9E00E7B19B /* DBHelper.h */ = {isa = PBXFileReference; fileEncoding = 4; lastKnownFileType = sourcecode.c.h; path = DBHelper.h; sourceTree = "<group>"; };
		F2F5686D1BDFCC9E00E7B19B /* DBHelper.m */ = {isa = PBXFileReference; fileEncoding = 4; lastKnownFileType = sourcecode.c.objc; path = DBHelper.m; sourceTree = "<group>"; };
/* End PBXFileReference section */

/* Begin PBXFrameworksBuildPhase section */
		F2AAA6381BC4F3A800825A3F /* Frameworks */ = {
			isa = PBXFrameworksBuildPhase;
			buildActionMask = 2147483647;
			files = (
				F2AAA68C1BC4F98100825A3F /* libsqlite3.dylib in Frameworks */,
				F2AAA63F1BC4F3A800825A3F /* UIKit.framework in Frameworks */,
				F2AAA6411BC4F3A800825A3F /* Foundation.framework in Frameworks */,
				F2AAA6431BC4F3A800825A3F /* CoreGraphics.framework in Frameworks */,
			);
			runOnlyForDeploymentPostprocessing = 0;
		};
		F2AAA66C1BC4F84300825A3F /* Frameworks */ = {
			isa = PBXFrameworksBuildPhase;
			buildActionMask = 2147483647;
			files = (
				F2AAA6701BC4F84300825A3F /* UIKit.framework in Frameworks */,
				F2AAA6711BC4F84300825A3F /* Foundation.framework in Frameworks */,
				F2AAA6721BC4F84300825A3F /* CoreGraphics.framework in Frameworks */,
			);
			runOnlyForDeploymentPostprocessing = 0;
		};
/* End PBXFrameworksBuildPhase section */

/* Begin PBXGroup section */
		D62173CD1BEDB80600EBFC06 /* uc */ = {
			isa = PBXGroup;
			children = (
				D62173CE1BEDBA0D00EBFC06 /* TabViewUCViewPager.h */,
				D62173CF1BEDBA0D00EBFC06 /* TabViewUCViewPager.m */,
				D628B9E91C130ED200EF0BB2 /* DDTabBar.h */,
				D628B9EA1C130ED200EF0BB2 /* DDTabBar.m */,
			);
			path = uc;
			sourceTree = "<group>";
		};
		D63104C71C147AB200BBFC51 /* Cell */ = {
			isa = PBXGroup;
			children = (
				D6DAC8C81C19D5400080A5E8 /* ZDStatusDetailFrame.h */,
				D6DAC8C91C19D5400080A5E8 /* ZDStatusDetailFrame.m */,
				D6DAC8CA1C19D5400080A5E8 /* ZDStatusFrame.h */,
				D6DAC8CB1C19D5400080A5E8 /* ZDStatusFrame.m */,
				D6DAC8CC1C19D5400080A5E8 /* ZDStatusOriginalFrame.h */,
				D6DAC8CD1C19D5400080A5E8 /* ZDStatusOriginalFrame.m */,
				D6DAC8C51C19D4EF0080A5E8 /* ZDStatusRetweetedFrame.h */,
				D6DAC8C61C19D4EF0080A5E8 /* ZDStatusRetweetedFrame.m */,
				D6348E8A1C15D60E00D8AE18 /* ZDStatusCell.h */,
				D6348E8B1C15D60E00D8AE18 /* ZDStatusCell.m */,
				D6E3DC291C17355B0090E1F8 /* ZDStatusToolbar.h */,
				D6E3DC2A1C17355B0090E1F8 /* ZDStatusToolbar.m */,
				D6DAC8BF1C19C4F50080A5E8 /* ZDLink.h */,
				D6DAC8C01C19C4F50080A5E8 /* ZDLink.m */,
				D6DAC8C21C19D40A0080A5E8 /* ZDStatusPhotosView.h */,
				D6DAC8C31C19D40A0080A5E8 /* ZDStatusPhotosView.m */,
				D61C7EAA1C1B29E000B1B6C6 /* ZDStatusPhotoView.h */,
				D61C7EAB1C1B29E000B1B6C6 /* ZDStatusPhotoView.m */,
			);
			path = Cell;
			sourceTree = "<group>";
		};
		D6348E861C15D36700D8AE18 /* Model */ = {
			isa = PBXGroup;
			children = (
				D6DAC8B91C19C1CC0080A5E8 /* ZDStatusRetweetedView.h */,
				D6DAC8BA1C19C1CC0080A5E8 /* ZDStatusRetweetedView.m */,
				D6348E871C15D38B00D8AE18 /* ZDUser.h */,
				D6348E881C15D38B00D8AE18 /* ZDUser.m */,
				D6348E8D1C15DDFD00D8AE18 /* ZDStatus.h */,
				D6348E8E1C15DDFD00D8AE18 /* ZDStatus.m */,
				D6348E9C1C15E4BF00D8AE18 /* ZDStatusDetailView.h */,
				D6348E9D1C15E4BF00D8AE18 /* ZDStatusDetailView.m */,
				D6DAC8BC1C19C2610080A5E8 /* ZDStatusLabel.h */,
				D6DAC8BD1C19C2610080A5E8 /* ZDStatusLabel.m */,
				D6DD4BE81C21B75100A25201 /* ZDStatusOriginalView.h */,
				D6DD4BE91C21B75100A25201 /* ZDStatusOriginalView.m */,
				D6DD4BEB1C21BA4700A25201 /* ZDStatusUserHeadView.h */,
				D6DD4BEC1C21BA4700A25201 /* ZDStatusUserHeadView.m */,
			);
			path = Model;
			sourceTree = "<group>";
		};
		D648D5FC1BF4E95E006A79B2 /* Common */ = {
			isa = PBXGroup;
			children = (
				D648D6001BF4EBC1006A79B2 /* UIColor+Hex.h */,
				D648D6011BF4EBC1006A79B2 /* UIColor+Hex.m */,
				D63279711BFE2315008D8213 /* LoginData.h */,
				D63279721BFE2315008D8213 /* LoginData.m */,
				D6BE51111C2EF7D0008045BF /* ZDHttpServer.h */,
				D6BE51121C2EF7D0008045BF /* ZDHttpServer.m */,
			);
			path = Common;
			sourceTree = "<group>";
		};
		D687C32C1C13265A00EB82E9 /* Category */ = {
			isa = PBXGroup;
			children = (
				D687C3411C13347400EB82E9 /* UIView+Extension.h */,
				D687C3421C13347400EB82E9 /* UIView+Extension.m */,
				D687C32D1C1326F400EB82E9 /* UIBarButtonItem+Extension.h */,
				D687C32E1C1326F400EB82E9 /* UIBarButtonItem+Extension.m */,
				D687C3301C132A3B00EB82E9 /* UIImage+Extension.h */,
				D687C3311C132A3B00EB82E9 /* UIImage+Extension.m */,
				D687C3331C132EEC00EB82E9 /* NSString+Extension.h */,
				D687C3341C132EEC00EB82E9 /* NSString+Extension.m */,
			);
			path = Category;
			sourceTree = "<group>";
		};
		D687C3441C133E1700EB82E9 /* Home */ = {
			isa = PBXGroup;
			children = (
				D6348E861C15D36700D8AE18 /* Model */,
				D687C3451C133E1700EB82E9 /* View */,
			);
			path = Home;
			sourceTree = "<group>";
		};
		D687C3451C133E1700EB82E9 /* View */ = {
			isa = PBXGroup;
			children = (
				D63104C71C147AB200BBFC51 /* Cell */,
				D687C3461C133E4C00EB82E9 /* ZDTitleButtom.h */,
				D687C3471C133E4C00EB82E9 /* ZDTitleButtom.m */,
				D6FDDF091C204ED6002CB3A5 /* ZDHomeCellTableViewCell.h */,
				D6FDDF0A1C204ED6002CB3A5 /* ZDHomeCellTableViewCell.m */,
				D6F34BA21C2815DD004A0F60 /* ZDLoadMoreFooter.h */,
				D6F34BA31C2815DD004A0F60 /* ZDLoadMoreFooter.m */,
				D6F34BA71C28198E004A0F60 /* ZDLoadMoreFooter.xib */,
			);
			path = View;
			sourceTree = "<group>";
		};
		D69D8B7E1BF0EF4500E2C865 /* images */ = {
			isa = PBXGroup;
			children = (
				D69D8B7F1BF0EF4500E2C865 /* logo_name.png */,
			);
			path = images;
			sourceTree = "<group>";
		};
		F2AAA6321BC4F3A800825A3F = {
			isa = PBXGroup;
			children = (
				F2AAA68B1BC4F98100825A3F /* libsqlite3.dylib */,
				F2AAA6441BC4F3A800825A3F /* zhd */,
				F2AAA6731BC4F84300825A3F /* zhdTest */,
				F2AAA63D1BC4F3A800825A3F /* Frameworks */,
				F2AAA63C1BC4F3A800825A3F /* Products */,
			);
			sourceTree = "<group>";
		};
		F2AAA63C1BC4F3A800825A3F /* Products */ = {
			isa = PBXGroup;
			children = (
				F2AAA63B1BC4F3A800825A3F /* zhd.app */,
				F2AAA66F1BC4F84300825A3F /* zhdTest.app */,
			);
			name = Products;
			sourceTree = "<group>";
		};
		F2AAA63D1BC4F3A800825A3F /* Frameworks */ = {
			isa = PBXGroup;
			children = (
				F2AAA63E1BC4F3A800825A3F /* UIKit.framework */,
				F2AAA6401BC4F3A800825A3F /* Foundation.framework */,
				F2AAA6421BC4F3A800825A3F /* CoreGraphics.framework */,
			);
			name = Frameworks;
			sourceTree = "<group>";
		};
		F2AAA6441BC4F3A800825A3F /* zhd */ = {
			isa = PBXGroup;
			children = (
				F2F567FE1BDFCA4C00E7B19B /* UI */,
				D648D5FC1BF4E95E006A79B2 /* Common */,
				F2F568671BDFCC9E00E7B19B /* DAL */,
				F2F568561BDFCC9300E7B19B /* Entity */,
				F2F568191BDFCC0900E7B19B /* Resources */,
				F2AAA64D1BC4F3A800825A3F /* AppDelegate.h */,
				F2AAA64E1BC4F3A800825A3F /* AppDelegate.m */,
				F2AAA6451BC4F3A800825A3F /* Supporting Files */,
			);
			path = zhd;
			sourceTree = "<group>";
		};
		F2AAA6451BC4F3A800825A3F /* Supporting Files */ = {
			isa = PBXGroup;
			children = (
				D6E3DC2C1C173D810090E1F8 /* Images.xcassets */,
				D628B9EC1C131DA600EF0BB2 /* ImagesPicker.xcassets */,
				D64777D11C04BCFD007DB382 /* Assets.xcassets */,
				D69D8B7E1BF0EF4500E2C865 /* images */,
				F2AAA6461BC4F3A800825A3F /* zhd-Info.plist */,
				F2AAA6471BC4F3A800825A3F /* InfoPlist.strings */,
				F2AAA64A1BC4F3A800825A3F /* main.m */,
				F2AAA64C1BC4F3A800825A3F /* zhd-Prefix.pch */,
				F2AAA6501BC4F3A800825A3F /* Default.png */,
				F2AAA6521BC4F3A800825A3F /* Default@2x.png */,
				F2AAA6541BC4F3A800825A3F /* Default-568h@2x.png */,
			);
			name = "Supporting Files";
			sourceTree = "<group>";
		};
		F2AAA6731BC4F84300825A3F /* zhdTest */ = {
			isa = PBXGroup;
			children = (
				F2AAA6741BC4F84300825A3F /* Supporting Files */,
				F2AAA6881BC4F88D00825A3F /* ChatSessionDalTest.h */,
				F2AAA6891BC4F88D00825A3F /* ChatSessionDalTest.m */,
			);
			path = zhdTest;
			sourceTree = "<group>";
		};
		F2AAA6741BC4F84300825A3F /* Supporting Files */ = {
			isa = PBXGroup;
			children = (
				F2AAA6751BC4F84300825A3F /* zhdTest-Info.plist */,
				F2AAA6761BC4F84300825A3F /* InfoPlist.strings */,
				F2AAA6791BC4F84300825A3F /* main.m */,
				F2AAA67B1BC4F84300825A3F /* zhdTest-Prefix.pch */,
				F2AAA67F1BC4F84300825A3F /* Default.png */,
				F2AAA6811BC4F84300825A3F /* Default@2x.png */,
				F2AAA6831BC4F84300825A3F /* Default-568h@2x.png */,
			);
			name = "Supporting Files";
			sourceTree = "<group>";
		};
		F2F567FE1BDFCA4C00E7B19B /* UI */ = {
			isa = PBXGroup;
			children = (
				D687C3441C133E1700EB82E9 /* Home */,
				D687C32C1C13265A00EB82E9 /* Category */,
				D62173CD1BEDB80600EBFC06 /* uc */,
				F2F568181BDFCB7C00E7B19B /* Activity */,
				F2F568141BDFCB3600E7B19B /* MessageViewController.h */,
				F2F568151BDFCB3600E7B19B /* MessageViewController.m */,
				F2F5680F1BDFCACB00E7B19B /* Cells */,
				F2F567FF1BDFCA4C00E7B19B /* AddViewController.h */,
				F2F568001BDFCA4C00E7B19B /* AddViewController.m */,
				F2F568011BDFCA4C00E7B19B /* DiscoverViewController.h */,
				F2F568021BDFCA4C00E7B19B /* DiscoverViewController.m */,
				F2F568031BDFCA4C00E7B19B /* MainViewController.h */,
				F2F568041BDFCA4C00E7B19B /* MainViewController.m */,
				F2F568051BDFCA4C00E7B19B /* MeViewController.h */,
				F2F568061BDFCA4C00E7B19B /* MeViewController.m */,
				D69D8B761BF0ECE300E2C865 /* LoginViewController.h */,
				D69D8B771BF0ECE300E2C865 /* LoginViewController.m */,
				D63C2F691BFCD34400C37E42 /* RootViewController.h */,
				D63C2F6A1BFCD34400C37E42 /* RootViewController.m */,
			);
			path = UI;
			sourceTree = "<group>";
		};
		F2F5680F1BDFCACB00E7B19B /* Cells */ = {
			isa = PBXGroup;
			children = (
				F2F568101BDFCACB00E7B19B /* ChatSessionCell.h */,
				F2F568111BDFCACB00E7B19B /* ChatSessionCell.m */,
			);
			path = Cells;
			sourceTree = "<group>";
		};
		F2F568181BDFCB7C00E7B19B /* Activity */ = {
			isa = PBXGroup;
			children = (
			);
			path = Activity;
			sourceTree = "<group>";
		};
		F2F568191BDFCC0900E7B19B /* Resources */ = {
			isa = PBXGroup;
			children = (
				F2F5681A1BDFCC0900E7B19B /* iconfont-message.png */,
				F2F5681B1BDFCC0900E7B19B /* iconfont-tianjiayonghu.png */,
				F2F5681C1BDFCC0900E7B19B /* iconfont-tongxunlu.png */,
				F2F5681D1BDFCC0900E7B19B /* iconfont-weiyingyong.png */,
				F2F5681E1BDFCC0900E7B19B /* iconfont-yonghu.png */,
				F2F5681F1BDFCC0900E7B19B /* weichat1.png */,
				F2F568201BDFCC0900E7B19B /* weichat2.png */,
				F2F568211BDFCC0900E7B19B /* weichat3.png */,
				F2F568221BDFCC0900E7B19B /* weichat4.png */,
				F2F568231BDFCC0900E7B19B /* weichat5.png */,
				F2F568241BDFCC0900E7B19B /* weichat6.png */,
				F2F568251BDFCC0900E7B19B /* 屏幕快照 2015-09-16 下午10.02.07.png */,
				F2F568261BDFCC0900E7B19B /* 屏幕快照 2015-09-16 下午10.02.18.png */,
				F2F568271BDFCC0900E7B19B /* 屏幕快照 2015-09-16 下午10.02.27.png */,
				F2F568281BDFCC0900E7B19B /* 屏幕快照 2015-09-16 下午10.02.35.png */,
				F2F568291BDFCC0900E7B19B /* 屏幕快照 2015-09-16 下午10.02.47.png */,
				F2F5682A1BDFCC0900E7B19B /* 屏幕快照 2015-09-16 下午10.02.57.png */,
				F2F5682B1BDFCC0900E7B19B /* 屏幕快照 2015-09-16 下午10.03.03.png */,
				F2F5682C1BDFCC0900E7B19B /* 屏幕快照 2015-09-16 下午10.03.10.png */,
				F2F5682D1BDFCC0900E7B19B /* 屏幕快照 2015-09-16 下午10.41.04.png */,
			);
			path = Resources;
			sourceTree = "<group>";
		};
		F2F568561BDFCC9300E7B19B /* Entity */ = {
			isa = PBXGroup;
			children = (
				F2F568571BDFCC9300E7B19B /* ChatSession.h */,
				F2F568581BDFCC9300E7B19B /* ChatSession.m */,
				F2F568591BDFCC9300E7B19B /* MsgHistory.h */,
				F2F5685A1BDFCC9300E7B19B /* MsgHistory.m */,
				F2F5685B1BDFCC9300E7B19B /* NotifyHistory.h */,
				F2F5685C1BDFCC9300E7B19B /* NotifyHistory.m */,
				F2F5685D1BDFCC9300E7B19B /* UserInfo.h */,
				F2F5685E1BDFCC9300E7B19B /* UserInfo.m */,
				D6C9CF8B1C020836002FC50A /* LoginInfo.h */,
				D6C9CF8C1C020836002FC50A /* LoginInfo.m */,
			);
			path = Entity;
			sourceTree = "<group>";
		};
		F2F568671BDFCC9E00E7B19B /* DAL */ = {
			isa = PBXGroup;
			children = (
				F2F568681BDFCC9E00E7B19B /* BaseDao.h */,
				F2F568691BDFCC9E00E7B19B /* BaseDao.m */,
				F2F5686A1BDFCC9E00E7B19B /* ChatSessionDao.h */,
				F2F5686B1BDFCC9E00E7B19B /* ChatSessionDao.m */,
				F2F5686C1BDFCC9E00E7B19B /* DBHelper.h */,
				F2F5686D1BDFCC9E00E7B19B /* DBHelper.m */,
			);
			path = DAL;
			sourceTree = "<group>";
		};
/* End PBXGroup section */

/* Begin PBXNativeTarget section */
		F2AAA63A1BC4F3A800825A3F /* zhd */ = {
			isa = PBXNativeTarget;
			buildConfigurationList = F2AAA6581BC4F3A800825A3F /* Build configuration list for PBXNativeTarget "zhd" */;
			buildPhases = (
				F2AAA6371BC4F3A800825A3F /* Sources */,
				F2AAA6381BC4F3A800825A3F /* Frameworks */,
				F2AAA6391BC4F3A800825A3F /* Resources */,
			);
			buildRules = (
			);
			dependencies = (
			);
			name = zhd;
			productName = zhd;
			productReference = F2AAA63B1BC4F3A800825A3F /* zhd.app */;
			productType = "com.apple.product-type.application";
		};
		F2AAA66E1BC4F84300825A3F /* zhdTest */ = {
			isa = PBXNativeTarget;
			buildConfigurationList = F2AAA6851BC4F84300825A3F /* Build configuration list for PBXNativeTarget "zhdTest" */;
			buildPhases = (
				F2AAA66B1BC4F84300825A3F /* Sources */,
				F2AAA66C1BC4F84300825A3F /* Frameworks */,
				F2AAA66D1BC4F84300825A3F /* Resources */,
			);
			buildRules = (
			);
			dependencies = (
			);
			name = zhdTest;
			productName = zhdTest;
			productReference = F2AAA66F1BC4F84300825A3F /* zhdTest.app */;
			productType = "com.apple.product-type.application";
		};
/* End PBXNativeTarget section */

/* Begin PBXProject section */
		F2AAA6331BC4F3A800825A3F /* Project object */ = {
			isa = PBXProject;
			attributes = {
				LastUpgradeCheck = 0460;
				ORGANIZATIONNAME = robbert;
			};
			buildConfigurationList = F2AAA6361BC4F3A800825A3F /* Build configuration list for PBXProject "zhd" */;
			compatibilityVersion = "Xcode 3.2";
			developmentRegion = English;
			hasScannedForEncodings = 0;
			knownRegions = (
				en,
			);
			mainGroup = F2AAA6321BC4F3A800825A3F;
			productRefGroup = F2AAA63C1BC4F3A800825A3F /* Products */;
			projectDirPath = "";
			projectRoot = "";
			targets = (
				F2AAA63A1BC4F3A800825A3F /* zhd */,
				F2AAA66E1BC4F84300825A3F /* zhdTest */,
			);
		};
/* End PBXProject section */

/* Begin PBXResourcesBuildPhase section */
		F2AAA6391BC4F3A800825A3F /* Resources */ = {
			isa = PBXResourcesBuildPhase;
			buildActionMask = 2147483647;
			files = (
				F2AAA6491BC4F3A800825A3F /* InfoPlist.strings in Resources */,
				F2AAA6511BC4F3A800825A3F /* Default.png in Resources */,
				F2AAA6531BC4F3A800825A3F /* Default@2x.png in Resources */,
				F2AAA6551BC4F3A800825A3F /* Default-568h@2x.png in Resources */,
				F2F5682E1BDFCC0900E7B19B /* iconfont-message.png in Resources */,
				F2F568301BDFCC0900E7B19B /* iconfont-tianjiayonghu.png in Resources */,
				D64777D21C04BCFD007DB382 /* Assets.xcassets in Resources */,
				F2F568321BDFCC0900E7B19B /* iconfont-tongxunlu.png in Resources */,
				D6F34BA81C28198E004A0F60 /* ZDLoadMoreFooter.xib in Resources */,
				F2F568341BDFCC0900E7B19B /* iconfont-weiyingyong.png in Resources */,
				D6E3DC2D1C173D810090E1F8 /* Images.xcassets in Resources */,
				D628B9ED1C131DA600EF0BB2 /* ImagesPicker.xcassets in Resources */,
				D69D8B801BF0EF4500E2C865 /* logo_name.png in Resources */,
				F2F568361BDFCC0900E7B19B /* iconfont-yonghu.png in Resources */,
				F2F568381BDFCC0900E7B19B /* weichat1.png in Resources */,
				F2F5683A1BDFCC0900E7B19B /* weichat2.png in Resources */,
				F2F5683C1BDFCC0900E7B19B /* weichat3.png in Resources */,
				F2F5683E1BDFCC0900E7B19B /* weichat4.png in Resources */,
				F2F568401BDFCC0900E7B19B /* weichat5.png in Resources */,
				F2F568421BDFCC0900E7B19B /* weichat6.png in Resources */,
				F2F568441BDFCC0900E7B19B /* 屏幕快照 2015-09-16 下午10.02.07.png in Resources */,
				F2F568461BDFCC0900E7B19B /* 屏幕快照 2015-09-16 下午10.02.18.png in Resources */,
				F2F568481BDFCC0900E7B19B /* 屏幕快照 2015-09-16 下午10.02.27.png in Resources */,
				F2F5684A1BDFCC0900E7B19B /* 屏幕快照 2015-09-16 下午10.02.35.png in Resources */,
				F2F5684C1BDFCC0900E7B19B /* 屏幕快照 2015-09-16 下午10.02.47.png in Resources */,
				F2F5684E1BDFCC0900E7B19B /* 屏幕快照 2015-09-16 下午10.02.57.png in Resources */,
				F2F568501BDFCC0900E7B19B /* 屏幕快照 2015-09-16 下午10.03.03.png in Resources */,
				F2F568521BDFCC0900E7B19B /* 屏幕快照 2015-09-16 下午10.03.10.png in Resources */,
				F2F568541BDFCC0900E7B19B /* 屏幕快照 2015-09-16 下午10.41.04.png in Resources */,
			);
			runOnlyForDeploymentPostprocessing = 0;
		};
		F2AAA66D1BC4F84300825A3F /* Resources */ = {
			isa = PBXResourcesBuildPhase;
			buildActionMask = 2147483647;
			files = (
				F2AAA6781BC4F84300825A3F /* InfoPlist.strings in Resources */,
				F2AAA6801BC4F84300825A3F /* Default.png in Resources */,
				F2AAA6821BC4F84300825A3F /* Default@2x.png in Resources */,
				F2AAA6841BC4F84300825A3F /* Default-568h@2x.png in Resources */,
				F2F5682F1BDFCC0900E7B19B /* iconfont-message.png in Resources */,
				F2F568311BDFCC0900E7B19B /* iconfont-tianjiayonghu.png in Resources */,
				F2F568331BDFCC0900E7B19B /* iconfont-tongxunlu.png in Resources */,
				F2F568351BDFCC0900E7B19B /* iconfont-weiyingyong.png in Resources */,
				F2F568371BDFCC0900E7B19B /* iconfont-yonghu.png in Resources */,
				F2F568391BDFCC0900E7B19B /* weichat1.png in Resources */,
				F2F5683B1BDFCC0900E7B19B /* weichat2.png in Resources */,
				F2F5683D1BDFCC0900E7B19B /* weichat3.png in Resources */,
				F2F5683F1BDFCC0900E7B19B /* weichat4.png in Resources */,
				F2F568411BDFCC0900E7B19B /* weichat5.png in Resources */,
				F2F568431BDFCC0900E7B19B /* weichat6.png in Resources */,
				F2F568451BDFCC0900E7B19B /* 屏幕快照 2015-09-16 下午10.02.07.png in Resources */,
				F2F568471BDFCC0900E7B19B /* 屏幕快照 2015-09-16 下午10.02.18.png in Resources */,
				F2F568491BDFCC0900E7B19B /* 屏幕快照 2015-09-16 下午10.02.27.png in Resources */,
				F2F5684B1BDFCC0900E7B19B /* 屏幕快照 2015-09-16 下午10.02.35.png in Resources */,
				F2F5684D1BDFCC0900E7B19B /* 屏幕快照 2015-09-16 下午10.02.47.png in Resources */,
				F2F5684F1BDFCC0900E7B19B /* 屏幕快照 2015-09-16 下午10.02.57.png in Resources */,
				F2F568511BDFCC0900E7B19B /* 屏幕快照 2015-09-16 下午10.03.03.png in Resources */,
				F2F568531BDFCC0900E7B19B /* 屏幕快照 2015-09-16 下午10.03.10.png in Resources */,
				F2F568551BDFCC0900E7B19B /* 屏幕快照 2015-09-16 下午10.41.04.png in Resources */,
			);
			runOnlyForDeploymentPostprocessing = 0;
		};
/* End PBXResourcesBuildPhase section */

/* Begin PBXSourcesBuildPhase section */
		F2AAA6371BC4F3A800825A3F /* Sources */ = {
			isa = PBXSourcesBuildPhase;
			buildActionMask = 2147483647;
			files = (
				D6C9CF8D1C020836002FC50A /* LoginInfo.m in Sources */,
				D6DAC8C71C19D4EF0080A5E8 /* ZDStatusRetweetedFrame.m in Sources */,
				F2AAA64B1BC4F3A800825A3F /* main.m in Sources */,
				D687C3431C13347400EB82E9 /* UIView+Extension.m in Sources */,
				D6DAC8D01C19D5400080A5E8 /* ZDStatusOriginalFrame.m in Sources */,
				D6F34BA41C2815DD004A0F60 /* ZDLoadMoreFooter.m in Sources */,
				D63C2F6B1BFCD34400C37E42 /* RootViewController.m in Sources */,
				D6DD4BEA1C21B75100A25201 /* ZDStatusOriginalView.m in Sources */,
				D6DD4BED1C21BA4700A25201 /* ZDStatusUserHeadView.m in Sources */,
				D61C7EAC1C1B29E000B1B6C6 /* ZDStatusPhotoView.m in Sources */,
				D628B9EB1C130ED200EF0BB2 /* DDTabBar.m in Sources */,
				F2AAA64F1BC4F3A800825A3F /* AppDelegate.m in Sources */,
				F2F568071BDFCA4C00E7B19B /* AddViewController.m in Sources */,
				D6DAC8C11C19C4F50080A5E8 /* ZDLink.m in Sources */,
				D687C3481C133E4C00EB82E9 /* ZDTitleButtom.m in Sources */,
				D687C3321C132A3B00EB82E9 /* UIImage+Extension.m in Sources */,
				D62173D01BEDBA0D00EBFC06 /* TabViewUCViewPager.m in Sources */,
				F2F568091BDFCA4C00E7B19B /* DiscoverViewController.m in Sources */,
				D6BE51131C2EF7D0008045BF /* ZDHttpServer.m in Sources */,
				F2F5680B1BDFCA4C00E7B19B /* MainViewController.m in Sources */,
				D6E3DC2B1C17355B0090E1F8 /* ZDStatusToolbar.m in Sources */,
				D6348E9E1C15E4BF00D8AE18 /* ZDStatusDetailView.m in Sources */,
				D6DAC8C41C19D40A0080A5E8 /* ZDStatusPhotosView.m in Sources */,
				D687C3351C132EEC00EB82E9 /* NSString+Extension.m in Sources */,
				F2F5680D1BDFCA4C00E7B19B /* MeViewController.m in Sources */,
				D69D8B781BF0ECE300E2C865 /* LoginViewController.m in Sources */,
				F2F568121BDFCACB00E7B19B /* ChatSessionCell.m in Sources */,
				F2F568161BDFCB3600E7B19B /* MessageViewController.m in Sources */,
				D687C32F1C1326F400EB82E9 /* UIBarButtonItem+Extension.m in Sources */,
				D6348E8C1C15D60E00D8AE18 /* ZDStatusCell.m in Sources */,
				F2F5685F1BDFCC9300E7B19B /* ChatSession.m in Sources */,
				D6DAC8BB1C19C1CC0080A5E8 /* ZDStatusRetweetedView.m in Sources */,
				F2F568611BDFCC9300E7B19B /* MsgHistory.m in Sources */,
				D6348E891C15D38B00D8AE18 /* ZDUser.m in Sources */,
				F2F568631BDFCC9300E7B19B /* NotifyHistory.m in Sources */,
				D648D6021BF4EBC1006A79B2 /* UIColor+Hex.m in Sources */,
				F2F568651BDFCC9300E7B19B /* UserInfo.m in Sources */,
				D6DAC8CF1C19D5400080A5E8 /* ZDStatusFrame.m in Sources */,
				D6DAC8BE1C19C2610080A5E8 /* ZDStatusLabel.m in Sources */,
				F2F5686E1BDFCC9E00E7B19B /* BaseDao.m in Sources */,
				F2F568701BDFCC9E00E7B19B /* ChatSessionDao.m in Sources */,
				D6348E8F1C15DDFD00D8AE18 /* ZDStatus.m in Sources */,
				D6FDDF0B1C204ED6002CB3A5 /* ZDHomeCellTableViewCell.m in Sources */,
				D63279731BFE2315008D8213 /* LoginData.m in Sources */,
				D6DAC8CE1C19D5400080A5E8 /* ZDStatusDetailFrame.m in Sources */,
				F2F568721BDFCC9E00E7B19B /* DBHelper.m in Sources */,
			);
			runOnlyForDeploymentPostprocessing = 0;
		};
		F2AAA66B1BC4F84300825A3F /* Sources */ = {
			isa = PBXSourcesBuildPhase;
			buildActionMask = 2147483647;
			files = (
				F2AAA67A1BC4F84300825A3F /* main.m in Sources */,
				F2AAA68A1BC4F88D00825A3F /* ChatSessionDalTest.m in Sources */,
				F2F568081BDFCA4C00E7B19B /* AddViewController.m in Sources */,
				F2F5680A1BDFCA4C00E7B19B /* DiscoverViewController.m in Sources */,
				F2F5680C1BDFCA4C00E7B19B /* MainViewController.m in Sources */,
				F2F5680E1BDFCA4C00E7B19B /* MeViewController.m in Sources */,
				F2F568131BDFCACB00E7B19B /* ChatSessionCell.m in Sources */,
				F2F568171BDFCB3600E7B19B /* MessageViewController.m in Sources */,
				F2F568601BDFCC9300E7B19B /* ChatSession.m in Sources */,
				F2F568621BDFCC9300E7B19B /* MsgHistory.m in Sources */,
				F2F568641BDFCC9300E7B19B /* NotifyHistory.m in Sources */,
				F2F568661BDFCC9300E7B19B /* UserInfo.m in Sources */,
				F2F5686F1BDFCC9E00E7B19B /* BaseDao.m in Sources */,
				F2F568711BDFCC9E00E7B19B /* ChatSessionDao.m in Sources */,
				F2F568731BDFCC9E00E7B19B /* DBHelper.m in Sources */,
			);
			runOnlyForDeploymentPostprocessing = 0;
		};
/* End PBXSourcesBuildPhase section */

/* Begin PBXVariantGroup section */
		F2AAA6471BC4F3A800825A3F /* InfoPlist.strings */ = {
			isa = PBXVariantGroup;
			children = (
				F2AAA6481BC4F3A800825A3F /* en */,
			);
			name = InfoPlist.strings;
			sourceTree = "<group>";
		};
		F2AAA6761BC4F84300825A3F /* InfoPlist.strings */ = {
			isa = PBXVariantGroup;
			children = (
				F2AAA6771BC4F84300825A3F /* en */,
			);
			name = InfoPlist.strings;
			sourceTree = "<group>";
		};
/* End PBXVariantGroup section */

/* Begin XCBuildConfiguration section */
		F2AAA6561BC4F3A800825A3F /* Debug */ = {
			isa = XCBuildConfiguration;
			buildSettings = {
				ALWAYS_SEARCH_USER_PATHS = NO;
				CLANG_CXX_LANGUAGE_STANDARD = "gnu++0x";
				CLANG_CXX_LIBRARY = "libc++";
				CLANG_WARN_CONSTANT_CONVERSION = YES;
				CLANG_WARN_EMPTY_BODY = YES;
				CLANG_WARN_ENUM_CONVERSION = YES;
				CLANG_WARN_INT_CONVERSION = YES;
				CLANG_WARN__DUPLICATE_METHOD_MATCH = YES;
				"CODE_SIGN_IDENTITY[sdk=iphoneos*]" = "iPhone Developer";
				COPY_PHASE_STRIP = NO;
				GCC_C_LANGUAGE_STANDARD = gnu99;
				GCC_DYNAMIC_NO_PIC = NO;
				GCC_OPTIMIZATION_LEVEL = 0;
				GCC_PREPROCESSOR_DEFINITIONS = (
					"DEBUG=1",
					"$(inherited)",
				);
				GCC_SYMBOLS_PRIVATE_EXTERN = NO;
				GCC_WARN_ABOUT_RETURN_TYPE = YES;
				GCC_WARN_UNINITIALIZED_AUTOS = YES;
				GCC_WARN_UNUSED_VARIABLE = YES;
				IPHONEOS_DEPLOYMENT_TARGET = 6.1;
				ONLY_ACTIVE_ARCH = YES;
				SDKROOT = iphoneos;
			};
			name = Debug;
		};
		F2AAA6571BC4F3A800825A3F /* Release */ = {
			isa = XCBuildConfiguration;
			buildSettings = {
				ALWAYS_SEARCH_USER_PATHS = NO;
				CLANG_CXX_LANGUAGE_STANDARD = "gnu++0x";
				CLANG_CXX_LIBRARY = "libc++";
				CLANG_WARN_CONSTANT_CONVERSION = YES;
				CLANG_WARN_EMPTY_BODY = YES;
				CLANG_WARN_ENUM_CONVERSION = YES;
				CLANG_WARN_INT_CONVERSION = YES;
				CLANG_WARN__DUPLICATE_METHOD_MATCH = YES;
				"CODE_SIGN_IDENTITY[sdk=iphoneos*]" = "iPhone Developer";
				COPY_PHASE_STRIP = YES;
				GCC_C_LANGUAGE_STANDARD = gnu99;
				GCC_WARN_ABOUT_RETURN_TYPE = YES;
				GCC_WARN_UNINITIALIZED_AUTOS = YES;
				GCC_WARN_UNUSED_VARIABLE = YES;
				IPHONEOS_DEPLOYMENT_TARGET = 6.1;
				OTHER_CFLAGS = "-DNS_BLOCK_ASSERTIONS=1";
				SDKROOT = iphoneos;
				VALIDATE_PRODUCT = YES;
			};
			name = Release;
		};
		F2AAA6591BC4F3A800825A3F /* Debug */ = {
			isa = XCBuildConfiguration;
			buildSettings = {
				GCC_PRECOMPILE_PREFIX_HEADER = YES;
				GCC_PREFIX_HEADER = "zhd/zhd-Prefix.pch";
				INFOPLIST_FILE = "zhd/zhd-Info.plist";
				IPHONEOS_DEPLOYMENT_TARGET = 6.0;
				PRODUCT_NAME = "$(TARGET_NAME)";
				TARGETED_DEVICE_FAMILY = "1,2";
				WRAPPER_EXTENSION = app;
			};
			name = Debug;
		};
		F2AAA65A1BC4F3A800825A3F /* Release */ = {
			isa = XCBuildConfiguration;
			buildSettings = {
				GCC_PRECOMPILE_PREFIX_HEADER = YES;
				GCC_PREFIX_HEADER = "zhd/zhd-Prefix.pch";
				INFOPLIST_FILE = "zhd/zhd-Info.plist";
				IPHONEOS_DEPLOYMENT_TARGET = 6.0;
				PRODUCT_NAME = "$(TARGET_NAME)";
				TARGETED_DEVICE_FAMILY = "1,2";
				WRAPPER_EXTENSION = app;
			};
			name = Release;
		};
		F2AAA6861BC4F84300825A3F /* Debug */ = {
			isa = XCBuildConfiguration;
			buildSettings = {
				"CODE_SIGN_IDENTITY[sdk=iphoneos*]" = "iPhone Developer";
				GCC_PRECOMPILE_PREFIX_HEADER = YES;
				GCC_PREFIX_HEADER = "zhdTest/zhdTest-Prefix.pch";
				INFOPLIST_FILE = "zhdTest/zhdTest-Info.plist";
				PRODUCT_NAME = "$(TARGET_NAME)";
				WRAPPER_EXTENSION = app;
			};
			name = Debug;
		};
		F2AAA6871BC4F84300825A3F /* Release */ = {
			isa = XCBuildConfiguration;
			buildSettings = {
				"CODE_SIGN_IDENTITY[sdk=iphoneos*]" = "iPhone Developer";
				GCC_PRECOMPILE_PREFIX_HEADER = YES;
				GCC_PREFIX_HEADER = "zhdTest/zhdTest-Prefix.pch";
				INFOPLIST_FILE = "zhdTest/zhdTest-Info.plist";
				PRODUCT_NAME = "$(TARGET_NAME)";
				WRAPPER_EXTENSION = app;
			};
			name = Release;
		};
/* End XCBuildConfiguration section */

/* Begin XCConfigurationList section */
		F2AAA6361BC4F3A800825A3F /* Build configuration list for PBXProject "zhd" */ = {
			isa = XCConfigurationList;
			buildConfigurations = (
				F2AAA6561BC4F3A800825A3F /* Debug */,
				F2AAA6571BC4F3A800825A3F /* Release */,
			);
			defaultConfigurationIsVisible = 0;
			defaultConfigurationName = Release;
		};
		F2AAA6581BC4F3A800825A3F /* Build configuration list for PBXNativeTarget "zhd" */ = {
			isa = XCConfigurationList;
			buildConfigurations = (
				F2AAA6591BC4F3A800825A3F /* Debug */,
				F2AAA65A1BC4F3A800825A3F /* Release */,
			);
			defaultConfigurationIsVisible = 0;
			defaultConfigurationName = Release;
		};
		F2AAA6851BC4F84300825A3F /* Build configuration list for PBXNativeTarget "zhdTest" */ = {
			isa = XCConfigurationList;
			buildConfigurations = (
				F2AAA6861BC4F84300825A3F /* Debug */,
				F2AAA6871BC4F84300825A3F /* Release */,
			);
			defaultConfigurationIsVisible = 0;
			defaultConfigurationName = Release;
		};
/* End XCConfigurationList section */
	};
	rootObject = F2AAA6331BC4F3A800825A3F /* Project object */;
}
